dependencies:
  espressif/esp_lcd_touch:
    dependencies: []
    source:
      path: D:\projects\TonexController\source\components\espressif__esp_lcd_touch
      type: local
    version: 1.1.1
  espressif/esp_lcd_touch_gt911:
    dependencies: []
    source:
      path: D:\projects\TonexController\source\components\espressif__esp_lcd_touch_gt911
      type: local
    version: 1.1.0
  espressif/usb_host_cdc_acm:
    component_hash: 2f9ae2ee3e46609a7d19edc2e0b23e3d7d807607d53d3b0c54a7ab7f7b7b1527
    dependencies:
    - name: idf
      require: private
      version: '>=4.4'
    source:
      registry_url: https://components.espressif.com/
      type: service
    version: 2.0.5
  idf:
    source:
      type: idf
    version: 5.0.2
  lvgl/lvgl:
    dependencies: []
    source:
      path: D:\projects\TonexController\source\components\lvgl__lvgl
      type: local
    version: 8.3.11
direct_dependencies:
- espressif/esp_lcd_touch
- espressif/esp_lcd_touch_gt911
- espressif/usb_host_cdc_acm
- idf
- lvgl/lvgl
manifest_hash: 0e4861e4e1252cdbdd1b1d0748a4ab3e53389eb313d5effbb5474a98d000ac2c
target: esp32s3
version: 2.0.0
